
Microsoft Visual Studio Solution File, Format Version 12.00
# Visual Studio Version 17
VisualStudioVersion = 17.9.34616.47
MinimumVisualStudioVersion = 10.0.40219.1
Project("{FAE04EC0-301F-11D3-BF4B-00C04F79EFBC}") = "AssignmentTask2", "AssignmentTask2\AssignmentTask2.csproj", "{71366649-5E4A-47F2-807B-3E8A5EF54E01}"
EndProject
Global
	GlobalSection(SolutionConfigurationPlatforms) = preSolution
		Debug|Any CPU = Debug|Any CPU
		Release|Any CPU = Release|Any CPU
	EndGlobalSection
	GlobalSection(ProjectConfigurationPlatforms) = postSolution
		{71366649-5E4A-47F2-807B-3E8A5EF54E01}.Debug|Any CPU.ActiveCfg = Debug|Any CPU
		{71366649-5E4A-47F2-807B-3E8A5EF54E01}.Debug|Any CPU.Build.0 = Debug|Any CPU
		{71366649-5E4A-47F2-807B-3E8A5EF54E01}.Release|Any CPU.ActiveCfg = Release|Any CPU
		{71366649-5E4A-47F2-807B-3E8A5EF54E01}.Release|Any CPU.Build.0 = Release|Any CPU
	EndGlobalSection
	GlobalSection(SolutionProperties) = preSolution
		HideSolutionNode = FALSE
	EndGlobalSection
	GlobalSection(ExtensibilityGlobals) = postSolution
		SolutionGuid = {E21EDDCA-7623-4D31-84FF-DBC94A41111B}
	EndGlobalSection
EndGlobal
